
Microsoft Visual Studio Solution File, Format Version 12.00
# Visual Studio Version 17
VisualStudioVersion = 17.6.33829.357
MinimumVisualStudioVersion = 10.0.40219.1
Project("{FAE04EC0-301F-11D3-BF4B-00C04F79EFBC}") = "Exercise10", "Exercise10.csproj", "{0444403D-CB9F-4CAD-8A1B-FAE83C6B6E05}"
EndProject
Global
	GlobalSection(SolutionConfigurationPlatforms) = preSolution
		Debug|Any CPU = Debug|Any CPU
		Release|Any CPU = Release|Any CPU
	EndGlobalSection
	GlobalSection(ProjectConfigurationPlatforms) = postSolution
		{0444403D-CB9F-4CAD-8A1B-FAE83C6B6E05}.Debug|Any CPU.ActiveCfg = Debug|Any CPU
		{0444403D-CB9F-4CAD-8A1B-FAE83C6B6E05}.Debug|Any CPU.Build.0 = Debug|Any CPU
		{0444403D-CB9F-4CAD-8A1B-FAE83C6B6E05}.Release|Any CPU.ActiveCfg = Release|Any CPU
		{0444403D-CB9F-4CAD-8A1B-FAE83C6B6E05}.Release|Any CPU.Build.0 = Release|Any CPU
	EndGlobalSection
	GlobalSection(SolutionProperties) = preSolution
		HideSolutionNode = FALSE
	EndGlobalSection
	GlobalSection(ExtensibilityGlobals) = postSolution
		SolutionGuid = {82658661-04FB-423C-81B1-90ABA2858B2A}
	EndGlobalSection
EndGlobal
